
Microsoft Visual Studio Solution File, Format Version 12.00
# Visual Studio Version 17
VisualStudioVersion = 17.7.34009.444
MinimumVisualStudioVersion = 10.0.40219.1
Project("{FAE04EC0-301F-11D3-BF4B-00C04F79EFBC}") = "GHBrowserSettings", "GHBrowserSettings\GHBrowserSettings.csproj", "{70BC9071-6303-4F26-B50E-41CEE3ACAE65}"
EndProject
Global
	GlobalSection(SolutionConfigurationPlatforms) = preSolution
		Debug|Any CPU = Debug|Any CPU
		Release|Any CPU = Release|Any CPU
	EndGlobalSection
	GlobalSection(ProjectConfigurationPlatforms) = postSolution
		{70BC9071-6303-4F26-B50E-41CEE3ACAE65}.Debug|Any CPU.ActiveCfg = Debug|Any CPU
		{70BC9071-6303-4F26-B50E-41CEE3ACAE65}.Debug|Any CPU.Build.0 = Debug|Any CPU
		{70BC9071-6303-4F26-B50E-41CEE3ACAE65}.Release|Any CPU.ActiveCfg = Release|Any CPU
		{70BC9071-6303-4F26-B50E-41CEE3ACAE65}.Release|Any CPU.Build.0 = Release|Any CPU
	EndGlobalSection
	GlobalSection(SolutionProperties) = preSolution
		HideSolutionNode = FALSE
	EndGlobalSection
	GlobalSection(ExtensibilityGlobals) = postSolution
		SolutionGuid = {7CC46F40-13F3-4730-915F-E00DC31C19BD}
	EndGlobalSection
EndGlobal
